<?xml version="1.0" encoding="utf-8"?>
<Project ToolsVersion="4.0" xmlns="http://schemas.microsoft.com/developer/msbuild/2003">
  <ItemGroup>
    <Filter Include="Source Files">
      <UniqueIdentifier>{4FC737F1-C7A5-4376-A066-2A32D752A2FF}</UniqueIdentifier>
      <Extensions>cpp;c;cc;cxx;def;odl;idl;hpj;bat;asm;asmx</Extensions>
    </Filter>
    <Filter Include="Header Files">
      <UniqueIdentifier>{93995380-89BD-4b04-88EB-625FBE52EBFB}</UniqueIdentifier>
      <Extensions>h;hpp;hxx;hm;inl;inc;xsd</Extensions>
    </Filter>
    <Filter Include="Resource Files">
      <UniqueIdentifier>{67DA6AB6-F800-4c08-8B7A-83BB121AAD01}</UniqueIdentifier>
      <Extensions>rc;ico;cur;bmp;dlg;rc2;rct;bin;rgs;gif;jpg;jpeg;jpe;resx;tiff;tif;png;wav;mfcribbon-ms</Extensions>
    </Filter>
  </ItemGroup>
  <ItemGroup>
    <ClCompile Include="src\main.cpp">
      <Filter>Source Files</Filter>
    </ClCompile>
    <ClCompile Include="src\Game.cpp">
      <Filter>Source Files</Filter>
    </ClCompile>
    <ClCompile Include="src\framework\FontRenderer.cpp">
      <Filter>Source Files</Filter>
    </ClCompile>
    <ClCompile Include="src\framework\Framework.cpp">
      <Filter>Source Files</Filter>
    </ClCompile>
    <ClCompile Include="src\framework\GameStateManager.cpp">
      <Filter>Source Files</Filter>
    </ClCompile>
    <ClCompile Include="src\framework\SceneNode.cpp">
      <Filter>Source Files</Filter>
    </ClCompile>
    <ClCompile Include="src\framework\SpriteBatch.cpp">
      <Filter>Source Files</Filter>
    </ClCompile>
    <ClCompile Include="src\framework\SpriteBatch_Immediate.cpp">
      <Filter>Source Files</Filter>
    </ClCompile>
    <ClCompile Include="src\framework\SpriteSceneNode.cpp">
      <Filter>Source Files</Filter>
    </ClCompile>
    <ClCompile Include="src\framework\Texture2D.cpp">
      <Filter>Source Files</Filter>
    </ClCompile>
    <ClCompile Include="src\framework\UI\Box.cpp">
      <Filter>Source Files</Filter>
    </ClCompile>
    <ClCompile Include="src\framework\UI\Button.cpp">
      <Filter>Source Files</Filter>
    </ClCompile>
    <ClCompile Include="src\framework\UI\Label.cpp">
      <Filter>Source Files</Filter>
    </ClCompile>
    <ClCompile Include="src\framework\UI\Slider.cpp">
      <Filter>Source Files</Filter>
    </ClCompile>
    <ClCompile Include="src\framework\UI\Bar.cpp">
      <Filter>Source Files</Filter>
    </ClCompile>
    <ClCompile Include="src\framework\Gamepad.cpp">
      <Filter>Source Files</Filter>
    </ClCompile>
    <ClCompile Include="src\framework\SpriteBatch_NonImmediate.cpp">
      <Filter>Source Files</Filter>
    </ClCompile>
    <ClCompile Include="src\framework\Component.cpp">
      <Filter>Source Files</Filter>
    </ClCompile>
    <ClCompile Include="src\framework\Particle.cpp">
      <Filter>Source Files</Filter>
    </ClCompile>
    <ClCompile Include="src\framework\ParticleEngine.cpp">
      <Filter>Source Files</Filter>
    </ClCompile>
    <ClCompile Include="src\Templates\EntityTemplate.cpp">
      <Filter>Source Files</Filter>
    </ClCompile>
    <ClCompile Include="src\gamestates\TestState.cpp">
      <Filter>Source Files</Filter>
    </ClCompile>
    <ClCompile Include="src\framework\Bezier.cpp">
      <Filter>Source Files</Filter>
    </ClCompile>
    <ClCompile Include="src\framework\Curve.cpp">
      <Filter>Source Files</Filter>
    </ClCompile>
    <ClCompile Include="src\Node.cpp">
      <Filter>Source Files</Filter>
    </ClCompile>
    <ClCompile Include="src\framework\PathFinding.cpp">
      <Filter>Source Files</Filter>
    </ClCompile>
    <ClCompile Include="src\PhysicsObject.cpp">
      <Filter>Source Files</Filter>
    </ClCompile>
    <ClCompile Include="src\AI.cpp">
      <Filter>Source Files</Filter>
    </ClCompile>
    <ClCompile Include="src\framework\AIStates.cpp">
      <Filter>Source Files</Filter>
    </ClCompile>
  </ItemGroup>
  <ItemGroup>
    <ClInclude Include="inc\Game.h">
      <Filter>Header Files</Filter>
    </ClInclude>
    <ClInclude Include="inc\framework\FontRenderer.h">
      <Filter>Header Files</Filter>
    </ClInclude>
    <ClInclude Include="inc\framework\Framework.h">
      <Filter>Header Files</Filter>
    </ClInclude>
    <ClInclude Include="inc\framework\GameStateManager.h">
      <Filter>Header Files</Filter>
    </ClInclude>
    <ClInclude Include="inc\framework\SceneNode.h">
      <Filter>Header Files</Filter>
    </ClInclude>
    <ClInclude Include="inc\framework\SOIL.h">
      <Filter>Header Files</Filter>
    </ClInclude>
    <ClInclude Include="inc\framework\SpriteBatch.h">
      <Filter>Header Files</Filter>
    </ClInclude>
    <ClInclude Include="inc\framework\SpriteBatch_Immediate.h">
      <Filter>Header Files</Filter>
    </ClInclude>
    <ClInclude Include="inc\framework\SpriteSceneNode.h">
      <Filter>Header Files</Filter>
    </ClInclude>
    <ClInclude Include="inc\framework\Texture2D.h">
      <Filter>Header Files</Filter>
    </ClInclude>
    <ClInclude Include="inc\framework\Asset.h">
      <Filter>Header Files</Filter>
    </ClInclude>
    <ClInclude Include="inc\tinyxml2.h">
      <Filter>Header Files</Filter>
    </ClInclude>
    <ClInclude Include="inc\framework\UI\Box.h">
      <Filter>Header Files</Filter>
    </ClInclude>
    <ClInclude Include="inc\framework\UI\Button.h">
      <Filter>Header Files</Filter>
    </ClInclude>
    <ClInclude Include="inc\framework\UI\Label.h">
      <Filter>Header Files</Filter>
    </ClInclude>
    <ClInclude Include="inc\framework\UI\Slider.h">
      <Filter>Header Files</Filter>
    </ClInclude>
    <ClInclude Include="inc\framework\UI\Bar.h">
      <Filter>Header Files</Filter>
    </ClInclude>
    <ClInclude Include="inc\framework\Gamepad.h">
      <Filter>Header Files</Filter>
    </ClInclude>
    <ClInclude Include="inc\framework\SpriteBatch_NonImmediate.h">
      <Filter>Header Files</Filter>
    </ClInclude>
    <ClInclude Include="inc\framework\Component.h">
      <Filter>Header Files</Filter>
    </ClInclude>
    <ClInclude Include="inc\framework\Particle.h">
      <Filter>Header Files</Filter>
    </ClInclude>
    <ClInclude Include="inc\framework\ParticleEngine.h">
      <Filter>Header Files</Filter>
    </ClInclude>
    <ClInclude Include="inc\Utils.h">
      <Filter>Header Files</Filter>
    </ClInclude>
    <ClInclude Include="inc\Templates\EntityTemplate.h">
      <Filter>Header Files</Filter>
    </ClInclude>
    <ClInclude Include="inc\gamestates\TestState.h">
      <Filter>Header Files</Filter>
    </ClInclude>
    <ClInclude Include="inc\framework\Bezier.h">
      <Filter>Header Files</Filter>
    </ClInclude>
    <ClInclude Include="inc\framework\Curve.h">
      <Filter>Header Files</Filter>
    </ClInclude>
    <ClInclude Include="inc\Node.h">
      <Filter>Header Files</Filter>
    </ClInclude>
    <ClInclude Include="inc\framework\PathFinding.h">
      <Filter>Header Files</Filter>
    </ClInclude>
    <ClInclude Include="inc\PhysicsObject.h">
      <Filter>Header Files</Filter>
    </ClInclude>
    <ClInclude Include="inc\framework\AIStates.h">
      <Filter>Header Files</Filter>
    </ClInclude>
    <ClInclude Include="inc\AI.h">
      <Filter>Header Files</Filter>
    </ClInclude>
  </ItemGroup>
  <ItemGroup>
    <None Include="bin\shaders\FlatFragmentShader2.glsl" />
    <None Include="bin\shaders\FlatVertexShader2.glsl" />
  </ItemGroup>
</Project>